
Microsoft Visual Studio Solution File, Format Version 12.00
# Visual Studio Version 17
VisualStudioVersion = 17.11.35219.272
MinimumVisualStudioVersion = 10.0.40219.1
Project("{FAE04EC0-301F-11D3-BF4B-00C04F79EFBC}") = "QuestPDF-Preview", "QuestPDF-Preview\QuestPDF-Preview.csproj", "{59719819-17B8-4DD3-B67A-C5087ADF140C}"
EndProject
Global
	GlobalSection(SolutionConfigurationPlatforms) = preSolution
		Debug|Any CPU = Debug|Any CPU
		Release|Any CPU = Release|Any CPU
	EndGlobalSection
	GlobalSection(ProjectConfigurationPlatforms) = postSolution
		{59719819-17B8-4DD3-B67A-C5087ADF140C}.Debug|Any CPU.ActiveCfg = Debug|Any CPU
		{59719819-17B8-4DD3-B67A-C5087ADF140C}.Debug|Any CPU.Build.0 = Debug|Any CPU
		{59719819-17B8-4DD3-B67A-C5087ADF140C}.Release|Any CPU.ActiveCfg = Release|Any CPU
		{59719819-17B8-4DD3-B67A-C5087ADF140C}.Release|Any CPU.Build.0 = Release|Any CPU
	EndGlobalSection
	GlobalSection(SolutionProperties) = preSolution
		HideSolutionNode = FALSE
	EndGlobalSection
	GlobalSection(ExtensibilityGlobals) = postSolution
		SolutionGuid = {9339A7B9-4B48-40B6-AB97-7F7F39CA2D34}
	EndGlobalSection
EndGlobal
